# THIS IS AN AUTOGENERATED FILE. DO NOT EDIT THIS FILE DIRECTLY.
# yarn lockfile v1


"@esbuild/linux-x64@0.27.4":
  version "0.27.4"

"@rollup/rollup-linux-x64-gnu@4.60.1":
  version "4.60.1"

"@thi.ng/api@^8.12.17":
  version "8.12.17"

"@thi.ng/arrays@^2.14.13":
  version "2.14.13"
  dependencies:
    "@thi.ng/api" "^8.12.17"
    "@thi.ng/checks" "^3.8.7"
    "@thi.ng/compare" "^2.5.5"
    "@thi.ng/equiv" "^2.1.106"
    "@thi.ng/errors" "^2.6.6"
    "@thi.ng/random" "^4.1.42"

"@thi.ng/associative@^7.1.33":
  version "7.1.33"
  dependencies:
    "@thi.ng/api" "^8.12.17"
    "@thi.ng/arrays" "^2.14.13"
    "@thi.ng/binary" "^3.6.6"
    "@thi.ng/checks" "^3.8.7"
    "@thi.ng/dcons" "^3.2.189"
    "@thi.ng/equiv" "^2.1.106"
    "@thi.ng/object-utils" "^1.3.9"
    "@thi.ng/transducers" "^9.6.30"

"@thi.ng/atom@^5.3.58":
  version "5.3.58"
  dependencies:
    "@thi.ng/api" "^8.12.17"
    "@thi.ng/equiv" "^2.1.106"
    "@thi.ng/errors" "^2.6.6"
    "@thi.ng/paths" "^5.2.36"

"@thi.ng/binary@^3.6.6":
  version "3.6.6"
  dependencies:
    "@thi.ng/api" "^8.12.17"

"@thi.ng/canvas@^1.1.9":
  version "1.1.9"

"@thi.ng/checks@^3.8.7":
  version "3.8.7"

"@thi.ng/compare@^2.5.5":
  version "2.5.5"
  dependencies:
    "@thi.ng/api" "^8.12.17"

"@thi.ng/compose@^3.0.54":
  version "3.0.54"
  dependencies:
    "@thi.ng/api" "^8.12.17"
    "@thi.ng/errors" "^2.6.6"

"@thi.ng/dcons@^3.2.189":
  version "3.2.189"
  dependencies:
    "@thi.ng/api" "^8.12.17"
    "@thi.ng/checks" "^3.8.7"
    "@thi.ng/compare" "^2.5.5"
    "@thi.ng/equiv" "^2.1.106"
    "@thi.ng/errors" "^2.6.6"
    "@thi.ng/random" "^4.1.42"
    "@thi.ng/transducers" "^9.6.30"

"@thi.ng/defmulti@^3.0.94":
  version "3.0.94"
  dependencies:
    "@thi.ng/api" "^8.12.17"
    "@thi.ng/errors" "^2.6.6"
    "@thi.ng/logger" "^3.3.0"

"@thi.ng/dgraph@^2.1.199":
  version "2.1.199"
  dependencies:
    "@thi.ng/api" "^8.12.17"
    "@thi.ng/associative" "^7.1.33"
    "@thi.ng/equiv" "^2.1.106"
    "@thi.ng/errors" "^2.6.6"
    "@thi.ng/transducers" "^9.6.30"

"@thi.ng/equiv@^2.1.106":
  version "2.1.106"

"@thi.ng/errors@^2.6.6":
  version "2.6.6"

"@thi.ng/hex@^2.4.9":
  version "2.4.9"

"@thi.ng/logger@^3.3.0":
  version "3.3.0"

"@thi.ng/malloc@^6.1.139":
  version "6.1.139"
  dependencies:
    "@thi.ng/api" "^8.12.17"
    "@thi.ng/binary" "^3.6.6"
    "@thi.ng/checks" "^3.8.7"
    "@thi.ng/errors" "^2.6.6"

"@thi.ng/math@^5.15.6":
  version "5.15.6"
  dependencies:
    "@thi.ng/api" "^8.12.17"

"@thi.ng/matrices@^3.0.40":
  version "3.0.40"
  dependencies:
    "@thi.ng/api" "^8.12.17"
    "@thi.ng/checks" "^3.8.7"
    "@thi.ng/math" "^5.15.6"
    "@thi.ng/vectors" "^8.6.25"

"@thi.ng/memoize@^4.0.41":
  version "4.0.41"
  dependencies:
    "@thi.ng/api" "^8.12.17"

"@thi.ng/object-utils@^1.3.9":
  version "1.3.9"
  dependencies:
    "@thi.ng/api" "^8.12.17"
    "@thi.ng/checks" "^3.8.7"

"@thi.ng/paths@^5.2.36":
  version "5.2.36"
  dependencies:
    "@thi.ng/api" "^8.12.17"
    "@thi.ng/checks" "^3.8.7"
    "@thi.ng/errors" "^2.6.6"

"@thi.ng/pixel@^7.5.26":
  version "7.5.26"
  dependencies:
    "@thi.ng/api" "^8.12.17"
    "@thi.ng/canvas" "^1.1.9"
    "@thi.ng/checks" "^3.8.7"
    "@thi.ng/errors" "^2.6.6"
    "@thi.ng/math" "^5.15.6"
    "@thi.ng/porter-duff" "^2.1.129"

"@thi.ng/porter-duff@^2.1.129":
  version "2.1.129"
  dependencies:
    "@thi.ng/api" "^8.12.17"

"@thi.ng/random@^4.1.42":
  version "4.1.42"
  dependencies:
    "@thi.ng/api" "^8.12.17"
    "@thi.ng/errors" "^2.6.6"

"@thi.ng/rstream@^9.4.1":
  version "9.4.1"
  dependencies:
    "@thi.ng/api" "^8.12.17"
    "@thi.ng/arrays" "^2.14.13"
    "@thi.ng/associative" "^7.1.33"
    "@thi.ng/atom" "^5.3.58"
    "@thi.ng/checks" "^3.8.7"
    "@thi.ng/errors" "^2.6.6"
    "@thi.ng/logger" "^3.3.0"
    "@thi.ng/transducers" "^9.6.30"

"@thi.ng/shader-ast-glsl@^1.0.63":
  version "1.0.63"
  dependencies:
    "@thi.ng/api" "^8.12.17"
    "@thi.ng/checks" "^3.8.7"
    "@thi.ng/errors" "^2.6.6"
    "@thi.ng/shader-ast" "^1.1.44"

"@thi.ng/shader-ast-stdlib@^1.0.63":
  version "1.0.63"
  dependencies:
    "@thi.ng/api" "^8.12.17"
    "@thi.ng/shader-ast" "^1.1.44"

"@thi.ng/shader-ast@^1.1.44":
  version "1.1.44"
  dependencies:
    "@thi.ng/api" "^8.12.17"
    "@thi.ng/checks" "^3.8.7"
    "@thi.ng/defmulti" "^3.0.94"
    "@thi.ng/dgraph" "^2.1.199"
    "@thi.ng/errors" "^2.6.6"
    "@thi.ng/logger" "^3.3.0"

"@thi.ng/strings@^3.11.0":
  version "3.11.0"
  dependencies:
    "@thi.ng/api" "^8.12.17"
    "@thi.ng/errors" "^2.6.6"
    "@thi.ng/hex" "^2.4.9"
    "@thi.ng/memoize" "^4.0.41"

"@thi.ng/timestamp@^1.1.36":
  version "1.1.36"

"@thi.ng/transducers@^9.6.30":
  version "9.6.30"
  dependencies:
    "@thi.ng/api" "^8.12.17"
    "@thi.ng/arrays" "^2.14.13"
    "@thi.ng/checks" "^3.8.7"
    "@thi.ng/compare" "^2.5.5"
    "@thi.ng/compose" "^3.0.54"
    "@thi.ng/errors" "^2.6.6"
    "@thi.ng/math" "^5.15.6"
    "@thi.ng/random" "^4.1.42"
    "@thi.ng/timestamp" "^1.1.36"

"@thi.ng/vector-pools@^3.2.93":
  version "3.2.93"
  dependencies:
    "@thi.ng/api" "^8.12.17"
    "@thi.ng/binary" "^3.6.6"
    "@thi.ng/checks" "^3.8.7"
    "@thi.ng/errors" "^2.6.6"
    "@thi.ng/logger" "^3.3.0"
    "@thi.ng/malloc" "^6.1.139"
    "@thi.ng/transducers" "^9.6.30"
    "@thi.ng/vectors" "^8.6.25"

"@thi.ng/vectors@^8.6.25":
  version "8.6.25"
  dependencies:
    "@thi.ng/api" "^8.12.17"
    "@thi.ng/binary" "^3.6.6"
    "@thi.ng/checks" "^3.8.7"
    "@thi.ng/errors" "^2.6.6"
    "@thi.ng/math" "^5.15.6"
    "@thi.ng/memoize" "^4.0.41"
    "@thi.ng/random" "^4.1.42"
    "@thi.ng/strings" "^3.11.0"

"@thi.ng/webgl@^6.9.103":
  version "6.9.103"
  dependencies:
    "@thi.ng/api" "^8.12.17"
    "@thi.ng/canvas" "^1.1.9"
    "@thi.ng/checks" "^3.8.7"
    "@thi.ng/equiv" "^2.1.106"
    "@thi.ng/errors" "^2.6.6"
    "@thi.ng/logger" "^3.3.0"
    "@thi.ng/matrices" "^3.0.40"
    "@thi.ng/memoize" "^4.0.41"
    "@thi.ng/object-utils" "^1.3.9"
    "@thi.ng/pixel" "^7.5.26"
    "@thi.ng/shader-ast" "^1.1.44"
    "@thi.ng/shader-ast-glsl" "^1.0.63"
    "@thi.ng/shader-ast-stdlib" "^1.0.63"
    "@thi.ng/transducers" "^9.6.30"
    "@thi.ng/vector-pools" "^3.2.93"
    "@thi.ng/vectors" "^8.6.25"

"@types/estree@1.0.8":
  version "1.0.8"

esbuild@^0.27.0:
  version "0.27.4"
  optionalDependencies:
    "@esbuild/aix-ppc64" "0.27.4"
    "@esbuild/android-arm" "0.27.4"
    "@esbuild/android-arm64" "0.27.4"
    "@esbuild/android-x64" "0.27.4"
    "@esbuild/darwin-arm64" "0.27.4"
    "@esbuild/darwin-x64" "0.27.4"
    "@esbuild/freebsd-arm64" "0.27.4"
    "@esbuild/freebsd-x64" "0.27.4"
    "@esbuild/linux-arm" "0.27.4"
    "@esbuild/linux-arm64" "0.27.4"
    "@esbuild/linux-ia32" "0.27.4"
    "@esbuild/linux-loong64" "0.27.4"
    "@esbuild/linux-mips64el" "0.27.4"
    "@esbuild/linux-ppc64" "0.27.4"
    "@esbuild/linux-riscv64" "0.27.4"
    "@esbuild/linux-s390x" "0.27.4"
    "@esbuild/linux-x64" "0.27.4"
    "@esbuild/netbsd-arm64" "0.27.4"
    "@esbuild/netbsd-x64" "0.27.4"
    "@esbuild/openbsd-arm64" "0.27.4"
    "@esbuild/openbsd-x64" "0.27.4"
    "@esbuild/openharmony-arm64" "0.27.4"
    "@esbuild/sunos-x64" "0.27.4"
    "@esbuild/win32-arm64" "0.27.4"
    "@esbuild/win32-ia32" "0.27.4"
    "@esbuild/win32-x64" "0.27.4"

fdir@^6.5.0:
  version "6.5.0"

nanoid@^3.3.11:
  version "3.3.11"

picocolors@^1.1.1:
  version "1.1.1"

"picomatch@^3 || ^4", picomatch@^4.0.3:
  version "4.0.4"

postcss@^8.5.6:
  version "8.5.8"
  dependencies:
    nanoid "^3.3.11"
    picocolors "^1.1.1"
    source-map-js "^1.2.1"

rollup@^4.43.0:
  version "4.60.1"
  dependencies:
    "@types/estree" "1.0.8"
  optionalDependencies:
    "@rollup/rollup-android-arm-eabi" "4.60.1"
    "@rollup/rollup-android-arm64" "4.60.1"
    "@rollup/rollup-darwin-arm64" "4.60.1"
    "@rollup/rollup-darwin-x64" "4.60.1"
    "@rollup/rollup-freebsd-arm64" "4.60.1"
    "@rollup/rollup-freebsd-x64" "4.60.1"
    "@rollup/rollup-linux-arm-gnueabihf" "4.60.1"
    "@rollup/rollup-linux-arm-musleabihf" "4.60.1"
    "@rollup/rollup-linux-arm64-gnu" "4.60.1"
    "@rollup/rollup-linux-arm64-musl" "4.60.1"
    "@rollup/rollup-linux-loong64-gnu" "4.60.1"
    "@rollup/rollup-linux-loong64-musl" "4.60.1"
    "@rollup/rollup-linux-ppc64-gnu" "4.60.1"
    "@rollup/rollup-linux-ppc64-musl" "4.60.1"
    "@rollup/rollup-linux-riscv64-gnu" "4.60.1"
    "@rollup/rollup-linux-riscv64-musl" "4.60.1"
    "@rollup/rollup-linux-s390x-gnu" "4.60.1"
    "@rollup/rollup-linux-x64-gnu" "4.60.1"
    "@rollup/rollup-linux-x64-musl" "4.60.1"
    "@rollup/rollup-openbsd-x64" "4.60.1"
    "@rollup/rollup-openharmony-arm64" "4.60.1"
    "@rollup/rollup-win32-arm64-msvc" "4.60.1"
    "@rollup/rollup-win32-ia32-msvc" "4.60.1"
    "@rollup/rollup-win32-x64-gnu" "4.60.1"
    "@rollup/rollup-win32-x64-msvc" "4.60.1"
    fsevents "~2.3.2"

source-map-js@^1.2.1:
  version "1.2.1"

tinyglobby@^0.2.15:
  version "0.2.15"
  dependencies:
    fdir "^6.5.0"
    picomatch "^4.0.3"

typescript@~5.9.3:
  version "5.9.3"

vite@^7.3.1:
  version "7.3.1"
  dependencies:
    esbuild "^0.27.0"
    fdir "^6.5.0"
    picomatch "^4.0.3"
    postcss "^8.5.6"
    rollup "^4.43.0"
    tinyglobby "^0.2.15"
  optionalDependencies:
    fsevents "~2.3.3"
